
Microsoft Visual Studio Solution File, Format Version 12.00
# Visual Studio Version 16
VisualStudioVersion = 16.0.31702.278
MinimumVisualStudioVersion = 10.0.40219.1
Project("{9A19103F-16F7-4668-BE54-9A1E7A4F7556}") = "DH8G3K_HFT_2022231.Client", "DH8G3K_HFT_2022231.Client\DH8G3K_HFT_2022231.Client.csproj", "{2FFFE64C-C704-4A1C-98DA-694312F70475}"
EndProject
Project("{9A19103F-16F7-4668-BE54-9A1E7A4F7556}") = "DH8G3K_HFT_2022231.Models", "DH8G3K_HFT_2022231.Models\DH8G3K_HFT_2022231.Models.csproj", "{0CFA1DAD-E2C4-4015-B324-707D818D087B}"
EndProject
Project("{9A19103F-16F7-4668-BE54-9A1E7A4F7556}") = "DH8G3K_HFT_2022231.Logic", "DH8G3K_HFT_2022231.Logic\DH8G3K_HFT_2022231.Logic.csproj", "{A7469D81-C593-413A-87B3-F7CED7A838E9}"
EndProject
Project("{9A19103F-16F7-4668-BE54-9A1E7A4F7556}") = "DH8G3K_HFT_2022231.Repository", "DH8G3K_HFT_2022231.Repository\DH8G3K_HFT_2022231.Repository.csproj", "{08E89036-F7A2-4635-89C1-414D18131B7B}"
EndProject
Project("{9A19103F-16F7-4668-BE54-9A1E7A4F7556}") = "DH8G3K_HFT_2022231.Endpoint", "DH8G3K_HFT_2022231.Endpoint\DH8G3K_HFT_2022231.Endpoint.csproj", "{C0F86BEB-69A6-4B04-A144-706EC75A7C7A}"
EndProject
Project("{2150E333-8FDC-42A3-9474-1A3956D46DE8}") = "Backend", "Backend", "{721837F7-D27E-40F4-A70B-45E3DD8FC31B}"
EndProject
Project("{2150E333-8FDC-42A3-9474-1A3956D46DE8}") = "Frontend", "Frontend", "{53BA0C64-0757-4D54-902D-C5608BFF3AF6}"
EndProject
Project("{2150E333-8FDC-42A3-9474-1A3956D46DE8}") = "Shared", "Shared", "{C5A04A64-8239-4434-81BB-BE82BDAC30D5}"
EndProject
Project("{2150E333-8FDC-42A3-9474-1A3956D46DE8}") = "Others", "Others", "{70C8BFC3-8415-416B-A3AF-1EFDBEEAA555}"
	ProjectSection(SolutionItems) = preProject
		.gitignore = .gitignore
	EndProjectSection
EndProject
Project("{FAE04EC0-301F-11D3-BF4B-00C04F79EFBC}") = "DH8G3K_HFT_2022231.Test", "DH8G3K_HFT_2022231.Test\DH8G3K_HFT_2022231.Test.csproj", "{4160DB81-90FF-40B3-AE0A-F33F5F90BFCC}"
EndProject
Global
	GlobalSection(SolutionConfigurationPlatforms) = preSolution
		Debug|Any CPU = Debug|Any CPU
		Release|Any CPU = Release|Any CPU
	EndGlobalSection
	GlobalSection(ProjectConfigurationPlatforms) = postSolution
		{2FFFE64C-C704-4A1C-98DA-694312F70475}.Debug|Any CPU.ActiveCfg = Debug|Any CPU
		{2FFFE64C-C704-4A1C-98DA-694312F70475}.Debug|Any CPU.Build.0 = Debug|Any CPU
		{2FFFE64C-C704-4A1C-98DA-694312F70475}.Release|Any CPU.ActiveCfg = Release|Any CPU
		{2FFFE64C-C704-4A1C-98DA-694312F70475}.Release|Any CPU.Build.0 = Release|Any CPU
		{0CFA1DAD-E2C4-4015-B324-707D818D087B}.Debug|Any CPU.ActiveCfg = Debug|Any CPU
		{0CFA1DAD-E2C4-4015-B324-707D818D087B}.Debug|Any CPU.Build.0 = Debug|Any CPU
		{0CFA1DAD-E2C4-4015-B324-707D818D087B}.Release|Any CPU.ActiveCfg = Release|Any CPU
		{0CFA1DAD-E2C4-4015-B324-707D818D087B}.Release|Any CPU.Build.0 = Release|Any CPU
		{A7469D81-C593-413A-87B3-F7CED7A838E9}.Debug|Any CPU.ActiveCfg = Debug|Any CPU
		{A7469D81-C593-413A-87B3-F7CED7A838E9}.Debug|Any CPU.Build.0 = Debug|Any CPU
		{A7469D81-C593-413A-87B3-F7CED7A838E9}.Release|Any CPU.ActiveCfg = Release|Any CPU
		{A7469D81-C593-413A-87B3-F7CED7A838E9}.Release|Any CPU.Build.0 = Release|Any CPU
		{08E89036-F7A2-4635-89C1-414D18131B7B}.Debug|Any CPU.ActiveCfg = Debug|Any CPU
		{08E89036-F7A2-4635-89C1-414D18131B7B}.Debug|Any CPU.Build.0 = Debug|Any CPU
		{08E89036-F7A2-4635-89C1-414D18131B7B}.Release|Any CPU.ActiveCfg = Release|Any CPU
		{08E89036-F7A2-4635-89C1-414D18131B7B}.Release|Any CPU.Build.0 = Release|Any CPU
		{C0F86BEB-69A6-4B04-A144-706EC75A7C7A}.Debug|Any CPU.ActiveCfg = Debug|Any CPU
		{C0F86BEB-69A6-4B04-A144-706EC75A7C7A}.Debug|Any CPU.Build.0 = Debug|Any CPU
		{C0F86BEB-69A6-4B04-A144-706EC75A7C7A}.Release|Any CPU.ActiveCfg = Release|Any CPU
		{C0F86BEB-69A6-4B04-A144-706EC75A7C7A}.Release|Any CPU.Build.0 = Release|Any CPU
		{4160DB81-90FF-40B3-AE0A-F33F5F90BFCC}.Debug|Any CPU.ActiveCfg = Debug|Any CPU
		{4160DB81-90FF-40B3-AE0A-F33F5F90BFCC}.Debug|Any CPU.Build.0 = Debug|Any CPU
		{4160DB81-90FF-40B3-AE0A-F33F5F90BFCC}.Release|Any CPU.ActiveCfg = Release|Any CPU
		{4160DB81-90FF-40B3-AE0A-F33F5F90BFCC}.Release|Any CPU.Build.0 = Release|Any CPU
	EndGlobalSection
	GlobalSection(SolutionProperties) = preSolution
		HideSolutionNode = FALSE
	EndGlobalSection
	GlobalSection(NestedProjects) = preSolution
		{2FFFE64C-C704-4A1C-98DA-694312F70475} = {53BA0C64-0757-4D54-902D-C5608BFF3AF6}
		{0CFA1DAD-E2C4-4015-B324-707D818D087B} = {C5A04A64-8239-4434-81BB-BE82BDAC30D5}
		{A7469D81-C593-413A-87B3-F7CED7A838E9} = {721837F7-D27E-40F4-A70B-45E3DD8FC31B}
		{08E89036-F7A2-4635-89C1-414D18131B7B} = {721837F7-D27E-40F4-A70B-45E3DD8FC31B}
		{C0F86BEB-69A6-4B04-A144-706EC75A7C7A} = {721837F7-D27E-40F4-A70B-45E3DD8FC31B}
		{4160DB81-90FF-40B3-AE0A-F33F5F90BFCC} = {721837F7-D27E-40F4-A70B-45E3DD8FC31B}
	EndGlobalSection
	GlobalSection(ExtensibilityGlobals) = postSolution
		SolutionGuid = {B7E89BDE-583D-42C2-B50A-6F406F4A3641}
	EndGlobalSection
EndGlobal
